
Microsoft Visual Studio Solution File, Format Version 12.00
# Visual Studio Version 17
VisualStudioVersion = 17.8.34322.80
MinimumVisualStudioVersion = 10.0.40219.1
Project("{FAE04EC0-301F-11D3-BF4B-00C04F79EFBC}") = "InsaniaMobile.UWP", "InsaniaMobile\InsaniaMobile.UWP\InsaniaMobile.UWP.csproj", "{9D933979-DF91-44C2-A27D-A814E42CA3D8}"
EndProject
Project("{FAE04EC0-301F-11D3-BF4B-00C04F79EFBC}") = "InsaniaMobile.Android", "InsaniaMobile\InsaniaMobile.Android\InsaniaMobile.Android.csproj", "{A7FBB482-B721-4E4A-A42F-DAF1A328E587}"
EndProject
Project("{FAE04EC0-301F-11D3-BF4B-00C04F79EFBC}") = "InsaniaMobile.iOS", "InsaniaMobile\InsaniaMobile.iOS\InsaniaMobile.iOS.csproj", "{781B90D8-6200-4FCF-8687-D2A0635AB80D}"
EndProject
Project("{FAE04EC0-301F-11D3-BF4B-00C04F79EFBC}") = "InsaniaMobile", "InsaniaMobile\InsaniaMobile\InsaniaMobile.csproj", "{CF108B10-2B75-449E-98F5-56E5EE88B0F3}"
EndProject
Global
	GlobalSection(SolutionConfigurationPlatforms) = preSolution
		Debug|Any CPU = Debug|Any CPU
		Debug|ARM = Debug|ARM
		Debug|iPhone = Debug|iPhone
		Debug|iPhoneSimulator = Debug|iPhoneSimulator
		Debug|x64 = Debug|x64
		Debug|x86 = Debug|x86
		Release|Any CPU = Release|Any CPU
		Release|ARM = Release|ARM
		Release|iPhone = Release|iPhone
		Release|iPhoneSimulator = Release|iPhoneSimulator
		Release|x64 = Release|x64
		Release|x86 = Release|x86
	EndGlobalSection
	GlobalSection(ProjectConfigurationPlatforms) = postSolution
		{9D933979-DF91-44C2-A27D-A814E42CA3D8}.Debug|Any CPU.ActiveCfg = Debug|x64
		{9D933979-DF91-44C2-A27D-A814E42CA3D8}.Debug|Any CPU.Build.0 = Debug|x64
		{9D933979-DF91-44C2-A27D-A814E42CA3D8}.Debug|Any CPU.Deploy.0 = Debug|x64
		{9D933979-DF91-44C2-A27D-A814E42CA3D8}.Debug|ARM.ActiveCfg = Debug|ARM
		{9D933979-DF91-44C2-A27D-A814E42CA3D8}.Debug|ARM.Build.0 = Debug|ARM
		{9D933979-DF91-44C2-A27D-A814E42CA3D8}.Debug|ARM.Deploy.0 = Debug|ARM
		{9D933979-DF91-44C2-A27D-A814E42CA3D8}.Debug|iPhone.ActiveCfg = Debug|x64
		{9D933979-DF91-44C2-A27D-A814E42CA3D8}.Debug|iPhone.Build.0 = Debug|x64
		{9D933979-DF91-44C2-A27D-A814E42CA3D8}.Debug|iPhone.Deploy.0 = Debug|x64
		{9D933979-DF91-44C2-A27D-A814E42CA3D8}.Debug|iPhoneSimulator.ActiveCfg = Debug|x64
		{9D933979-DF91-44C2-A27D-A814E42CA3D8}.Debug|iPhoneSimulator.Build.0 = Debug|x64
		{9D933979-DF91-44C2-A27D-A814E42CA3D8}.Debug|iPhoneSimulator.Deploy.0 = Debug|x64
		{9D933979-DF91-44C2-A27D-A814E42CA3D8}.Debug|x64.ActiveCfg = Debug|x64
		{9D933979-DF91-44C2-A27D-A814E42CA3D8}.Debug|x64.Build.0 = Debug|x64
		{9D933979-DF91-44C2-A27D-A814E42CA3D8}.Debug|x64.Deploy.0 = Debug|x64
		{9D933979-DF91-44C2-A27D-A814E42CA3D8}.Debug|x86.ActiveCfg = Debug|x86
		{9D933979-DF91-44C2-A27D-A814E42CA3D8}.Debug|x86.Build.0 = Debug|x86
		{9D933979-DF91-44C2-A27D-A814E42CA3D8}.Debug|x86.Deploy.0 = Debug|x86
		{9D933979-DF91-44C2-A27D-A814E42CA3D8}.Release|Any CPU.ActiveCfg = Release|x64
		{9D933979-DF91-44C2-A27D-A814E42CA3D8}.Release|Any CPU.Build.0 = Release|x64
		{9D933979-DF91-44C2-A27D-A814E42CA3D8}.Release|Any CPU.Deploy.0 = Release|x64
		{9D933979-DF91-44C2-A27D-A814E42CA3D8}.Release|ARM.ActiveCfg = Release|ARM
		{9D933979-DF91-44C2-A27D-A814E42CA3D8}.Release|ARM.Build.0 = Release|ARM
		{9D933979-DF91-44C2-A27D-A814E42CA3D8}.Release|ARM.Deploy.0 = Release|ARM
		{9D933979-DF91-44C2-A27D-A814E42CA3D8}.Release|iPhone.ActiveCfg = Release|x64
		{9D933979-DF91-44C2-A27D-A814E42CA3D8}.Release|iPhone.Build.0 = Release|x64
		{9D933979-DF91-44C2-A27D-A814E42CA3D8}.Release|iPhone.Deploy.0 = Release|x64
		{9D933979-DF91-44C2-A27D-A814E42CA3D8}.Release|iPhoneSimulator.ActiveCfg = Release|x64
		{9D933979-DF91-44C2-A27D-A814E42CA3D8}.Release|iPhoneSimulator.Build.0 = Release|x64
		{9D933979-DF91-44C2-A27D-A814E42CA3D8}.Release|iPhoneSimulator.Deploy.0 = Release|x64
		{9D933979-DF91-44C2-A27D-A814E42CA3D8}.Release|x64.ActiveCfg = Release|x64
		{9D933979-DF91-44C2-A27D-A814E42CA3D8}.Release|x64.Build.0 = Release|x64
		{9D933979-DF91-44C2-A27D-A814E42CA3D8}.Release|x64.Deploy.0 = Release|x64
		{9D933979-DF91-44C2-A27D-A814E42CA3D8}.Release|x86.ActiveCfg = Release|x86
		{9D933979-DF91-44C2-A27D-A814E42CA3D8}.Release|x86.Build.0 = Release|x86
		{9D933979-DF91-44C2-A27D-A814E42CA3D8}.Release|x86.Deploy.0 = Release|x86
		{A7FBB482-B721-4E4A-A42F-DAF1A328E587}.Debug|Any CPU.ActiveCfg = Debug|Any CPU
		{A7FBB482-B721-4E4A-A42F-DAF1A328E587}.Debug|Any CPU.Build.0 = Debug|Any CPU
		{A7FBB482-B721-4E4A-A42F-DAF1A328E587}.Debug|Any CPU.Deploy.0 = Debug|Any CPU
		{A7FBB482-B721-4E4A-A42F-DAF1A328E587}.Debug|ARM.ActiveCfg = Debug|Any CPU
		{A7FBB482-B721-4E4A-A42F-DAF1A328E587}.Debug|ARM.Build.0 = Debug|Any CPU
		{A7FBB482-B721-4E4A-A42F-DAF1A328E587}.Debug|ARM.Deploy.0 = Debug|Any CPU
		{A7FBB482-B721-4E4A-A42F-DAF1A328E587}.Debug|iPhone.ActiveCfg = Debug|Any CPU
		{A7FBB482-B721-4E4A-A42F-DAF1A328E587}.Debug|iPhone.Build.0 = Debug|Any CPU
		{A7FBB482-B721-4E4A-A42F-DAF1A328E587}.Debug|iPhone.Deploy.0 = Debug|Any CPU
		{A7FBB482-B721-4E4A-A42F-DAF1A328E587}.Debug|iPhoneSimulator.ActiveCfg = Debug|Any CPU
		{A7FBB482-B721-4E4A-A42F-DAF1A328E587}.Debug|iPhoneSimulator.Build.0 = Debug|Any CPU
		{A7FBB482-B721-4E4A-A42F-DAF1A328E587}.Debug|iPhoneSimulator.Deploy.0 = Debug|Any CPU
		{A7FBB482-B721-4E4A-A42F-DAF1A328E587}.Debug|x64.ActiveCfg = Debug|Any CPU
		{A7FBB482-B721-4E4A-A42F-DAF1A328E587}.Debug|x64.Build.0 = Debug|Any CPU
		{A7FBB482-B721-4E4A-A42F-DAF1A328E587}.Debug|x64.Deploy.0 = Debug|Any CPU
		{A7FBB482-B721-4E4A-A42F-DAF1A328E587}.Debug|x86.ActiveCfg = Debug|Any CPU
		{A7FBB482-B721-4E4A-A42F-DAF1A328E587}.Debug|x86.Build.0 = Debug|Any CPU
		{A7FBB482-B721-4E4A-A42F-DAF1A328E587}.Debug|x86.Deploy.0 = Debug|Any CPU
		{A7FBB482-B721-4E4A-A42F-DAF1A328E587}.Release|Any CPU.ActiveCfg = Release|Any CPU
		{A7FBB482-B721-4E4A-A42F-DAF1A328E587}.Release|Any CPU.Build.0 = Release|Any CPU
		{A7FBB482-B721-4E4A-A42F-DAF1A328E587}.Release|Any CPU.Deploy.0 = Release|Any CPU
		{A7FBB482-B721-4E4A-A42F-DAF1A328E587}.Release|ARM.ActiveCfg = Release|Any CPU
		{A7FBB482-B721-4E4A-A42F-DAF1A328E587}.Release|ARM.Build.0 = Release|Any CPU
		{A7FBB482-B721-4E4A-A42F-DAF1A328E587}.Release|ARM.Deploy.0 = Release|Any CPU
		{A7FBB482-B721-4E4A-A42F-DAF1A328E587}.Release|iPhone.ActiveCfg = Release|Any CPU
		{A7FBB482-B721-4E4A-A42F-DAF1A328E587}.Release|iPhone.Build.0 = Release|Any CPU
		{A7FBB482-B721-4E4A-A42F-DAF1A328E587}.Release|iPhone.Deploy.0 = Release|Any CPU
		{A7FBB482-B721-4E4A-A42F-DAF1A328E587}.Release|iPhoneSimulator.ActiveCfg = Release|Any CPU
		{A7FBB482-B721-4E4A-A42F-DAF1A328E587}.Release|iPhoneSimulator.Build.0 = Release|Any CPU
		{A7FBB482-B721-4E4A-A42F-DAF1A328E587}.Release|iPhoneSimulator.Deploy.0 = Release|Any CPU
		{A7FBB482-B721-4E4A-A42F-DAF1A328E587}.Release|x64.ActiveCfg = Release|Any CPU
		{A7FBB482-B721-4E4A-A42F-DAF1A328E587}.Release|x64.Build.0 = Release|Any CPU
		{A7FBB482-B721-4E4A-A42F-DAF1A328E587}.Release|x64.Deploy.0 = Release|Any CPU
		{A7FBB482-B721-4E4A-A42F-DAF1A328E587}.Release|x86.ActiveCfg = Release|Any CPU
		{A7FBB482-B721-4E4A-A42F-DAF1A328E587}.Release|x86.Build.0 = Release|Any CPU
		{A7FBB482-B721-4E4A-A42F-DAF1A328E587}.Release|x86.Deploy.0 = Release|Any CPU
		{781B90D8-6200-4FCF-8687-D2A0635AB80D}.Debug|Any CPU.ActiveCfg = Debug|iPhoneSimulator
		{781B90D8-6200-4FCF-8687-D2A0635AB80D}.Debug|Any CPU.Build.0 = Debug|iPhoneSimulator
		{781B90D8-6200-4FCF-8687-D2A0635AB80D}.Debug|Any CPU.Deploy.0 = Debug|iPhoneSimulator
		{781B90D8-6200-4FCF-8687-D2A0635AB80D}.Debug|ARM.ActiveCfg = Debug|iPhoneSimulator
		{781B90D8-6200-4FCF-8687-D2A0635AB80D}.Debug|ARM.Build.0 = Debug|iPhoneSimulator
		{781B90D8-6200-4FCF-8687-D2A0635AB80D}.Debug|ARM.Deploy.0 = Debug|iPhoneSimulator
		{781B90D8-6200-4FCF-8687-D2A0635AB80D}.Debug|iPhone.ActiveCfg = Debug|iPhone
		{781B90D8-6200-4FCF-8687-D2A0635AB80D}.Debug|iPhone.Build.0 = Debug|iPhone
		{781B90D8-6200-4FCF-8687-D2A0635AB80D}.Debug|iPhone.Deploy.0 = Debug|iPhone
		{781B90D8-6200-4FCF-8687-D2A0635AB80D}.Debug|iPhoneSimulator.ActiveCfg = Debug|iPhoneSimulator
		{781B90D8-6200-4FCF-8687-D2A0635AB80D}.Debug|iPhoneSimulator.Build.0 = Debug|iPhoneSimulator
		{781B90D8-6200-4FCF-8687-D2A0635AB80D}.Debug|iPhoneSimulator.Deploy.0 = Debug|iPhoneSimulator
		{781B90D8-6200-4FCF-8687-D2A0635AB80D}.Debug|x64.ActiveCfg = Debug|iPhone
		{781B90D8-6200-4FCF-8687-D2A0635AB80D}.Debug|x64.Build.0 = Debug|iPhone
		{781B90D8-6200-4FCF-8687-D2A0635AB80D}.Debug|x64.Deploy.0 = Debug|iPhone
		{781B90D8-6200-4FCF-8687-D2A0635AB80D}.Debug|x86.ActiveCfg = Debug|iPhoneSimulator
		{781B90D8-6200-4FCF-8687-D2A0635AB80D}.Debug|x86.Build.0 = Debug|iPhoneSimulator
		{781B90D8-6200-4FCF-8687-D2A0635AB80D}.Debug|x86.Deploy.0 = Debug|iPhoneSimulator
		{781B90D8-6200-4FCF-8687-D2A0635AB80D}.Release|Any CPU.ActiveCfg = Release|iPhoneSimulator
		{781B90D8-6200-4FCF-8687-D2A0635AB80D}.Release|Any CPU.Build.0 = Release|iPhoneSimulator
		{781B90D8-6200-4FCF-8687-D2A0635AB80D}.Release|Any CPU.Deploy.0 = Release|iPhoneSimulator
		{781B90D8-6200-4FCF-8687-D2A0635AB80D}.Release|ARM.ActiveCfg = Release|iPhoneSimulator
		{781B90D8-6200-4FCF-8687-D2A0635AB80D}.Release|ARM.Build.0 = Release|iPhoneSimulator
		{781B90D8-6200-4FCF-8687-D2A0635AB80D}.Release|ARM.Deploy.0 = Release|iPhoneSimulator
		{781B90D8-6200-4FCF-8687-D2A0635AB80D}.Release|iPhone.ActiveCfg = Release|iPhone
		{781B90D8-6200-4FCF-8687-D2A0635AB80D}.Release|iPhone.Build.0 = Release|iPhone
		{781B90D8-6200-4FCF-8687-D2A0635AB80D}.Release|iPhone.Deploy.0 = Release|iPhone
		{781B90D8-6200-4FCF-8687-D2A0635AB80D}.Release|iPhoneSimulator.ActiveCfg = Release|iPhoneSimulator
		{781B90D8-6200-4FCF-8687-D2A0635AB80D}.Release|iPhoneSimulator.Build.0 = Release|iPhoneSimulator
		{781B90D8-6200-4FCF-8687-D2A0635AB80D}.Release|iPhoneSimulator.Deploy.0 = Release|iPhoneSimulator
		{781B90D8-6200-4FCF-8687-D2A0635AB80D}.Release|x64.ActiveCfg = Release|iPhoneSimulator
		{781B90D8-6200-4FCF-8687-D2A0635AB80D}.Release|x64.Build.0 = Release|iPhoneSimulator
		{781B90D8-6200-4FCF-8687-D2A0635AB80D}.Release|x64.Deploy.0 = Release|iPhoneSimulator
		{781B90D8-6200-4FCF-8687-D2A0635AB80D}.Release|x86.ActiveCfg = Release|iPhoneSimulator
		{781B90D8-6200-4FCF-8687-D2A0635AB80D}.Release|x86.Build.0 = Release|iPhoneSimulator
		{781B90D8-6200-4FCF-8687-D2A0635AB80D}.Release|x86.Deploy.0 = Release|iPhoneSimulator
		{CF108B10-2B75-449E-98F5-56E5EE88B0F3}.Debug|Any CPU.ActiveCfg = Debug|Any CPU
		{CF108B10-2B75-449E-98F5-56E5EE88B0F3}.Debug|Any CPU.Build.0 = Debug|Any CPU
		{CF108B10-2B75-449E-98F5-56E5EE88B0F3}.Debug|Any CPU.Deploy.0 = Debug|Any CPU
		{CF108B10-2B75-449E-98F5-56E5EE88B0F3}.Debug|ARM.ActiveCfg = Debug|Any CPU
		{CF108B10-2B75-449E-98F5-56E5EE88B0F3}.Debug|ARM.Build.0 = Debug|Any CPU
		{CF108B10-2B75-449E-98F5-56E5EE88B0F3}.Debug|ARM.Deploy.0 = Debug|Any CPU
		{CF108B10-2B75-449E-98F5-56E5EE88B0F3}.Debug|iPhone.ActiveCfg = Debug|Any CPU
		{CF108B10-2B75-449E-98F5-56E5EE88B0F3}.Debug|iPhone.Build.0 = Debug|Any CPU
		{CF108B10-2B75-449E-98F5-56E5EE88B0F3}.Debug|iPhone.Deploy.0 = Debug|Any CPU
		{CF108B10-2B75-449E-98F5-56E5EE88B0F3}.Debug|iPhoneSimulator.ActiveCfg = Debug|Any CPU
		{CF108B10-2B75-449E-98F5-56E5EE88B0F3}.Debug|iPhoneSimulator.Build.0 = Debug|Any CPU
		{CF108B10-2B75-449E-98F5-56E5EE88B0F3}.Debug|iPhoneSimulator.Deploy.0 = Debug|Any CPU
		{CF108B10-2B75-449E-98F5-56E5EE88B0F3}.Debug|x64.ActiveCfg = Debug|Any CPU
		{CF108B10-2B75-449E-98F5-56E5EE88B0F3}.Debug|x64.Build.0 = Debug|Any CPU
		{CF108B10-2B75-449E-98F5-56E5EE88B0F3}.Debug|x64.Deploy.0 = Debug|Any CPU
		{CF108B10-2B75-449E-98F5-56E5EE88B0F3}.Debug|x86.ActiveCfg = Debug|Any CPU
		{CF108B10-2B75-449E-98F5-56E5EE88B0F3}.Debug|x86.Build.0 = Debug|Any CPU
		{CF108B10-2B75-449E-98F5-56E5EE88B0F3}.Debug|x86.Deploy.0 = Debug|Any CPU
		{CF108B10-2B75-449E-98F5-56E5EE88B0F3}.Release|Any CPU.ActiveCfg = Release|Any CPU
		{CF108B10-2B75-449E-98F5-56E5EE88B0F3}.Release|Any CPU.Build.0 = Release|Any CPU
		{CF108B10-2B75-449E-98F5-56E5EE88B0F3}.Release|Any CPU.Deploy.0 = Release|Any CPU
		{CF108B10-2B75-449E-98F5-56E5EE88B0F3}.Release|ARM.ActiveCfg = Release|Any CPU
		{CF108B10-2B75-449E-98F5-56E5EE88B0F3}.Release|ARM.Build.0 = Release|Any CPU
		{CF108B10-2B75-449E-98F5-56E5EE88B0F3}.Release|ARM.Deploy.0 = Release|Any CPU
		{CF108B10-2B75-449E-98F5-56E5EE88B0F3}.Release|iPhone.ActiveCfg = Release|Any CPU
		{CF108B10-2B75-449E-98F5-56E5EE88B0F3}.Release|iPhone.Build.0 = Release|Any CPU
		{CF108B10-2B75-449E-98F5-56E5EE88B0F3}.Release|iPhone.Deploy.0 = Release|Any CPU
		{CF108B10-2B75-449E-98F5-56E5EE88B0F3}.Release|iPhoneSimulator.ActiveCfg = Release|Any CPU
		{CF108B10-2B75-449E-98F5-56E5EE88B0F3}.Release|iPhoneSimulator.Build.0 = Release|Any CPU
		{CF108B10-2B75-449E-98F5-56E5EE88B0F3}.Release|iPhoneSimulator.Deploy.0 = Release|Any CPU
		{CF108B10-2B75-449E-98F5-56E5EE88B0F3}.Release|x64.ActiveCfg = Release|Any CPU
		{CF108B10-2B75-449E-98F5-56E5EE88B0F3}.Release|x64.Build.0 = Release|Any CPU
		{CF108B10-2B75-449E-98F5-56E5EE88B0F3}.Release|x64.Deploy.0 = Release|Any CPU
		{CF108B10-2B75-449E-98F5-56E5EE88B0F3}.Release|x86.ActiveCfg = Release|Any CPU
		{CF108B10-2B75-449E-98F5-56E5EE88B0F3}.Release|x86.Build.0 = Release|Any CPU
		{CF108B10-2B75-449E-98F5-56E5EE88B0F3}.Release|x86.Deploy.0 = Release|Any CPU
	EndGlobalSection
	GlobalSection(SolutionProperties) = preSolution
		HideSolutionNode = FALSE
	EndGlobalSection
	GlobalSection(ExtensibilityGlobals) = postSolution
		SolutionGuid = {EF870C90-41A8-4FB7-887F-FDBB5EEAD2A5}
	EndGlobalSection
EndGlobal
